
Microsoft Visual Studio Solution File, Format Version 12.00
# Visual Studio Version 16
VisualStudioVersion = 16.0.30804.86
MinimumVisualStudioVersion = 10.0.40219.1
Project("{FAE04EC0-301F-11D3-BF4B-00C04F79EFBC}") = "Sesion1 Tarea 1", "Sesion1 Tarea 1\Sesion1 Tarea 1.csproj", "{E13CBDC1-7684-4A3F-82D8-FF00F0D54D9D}"
EndProject
Global
	GlobalSection(SolutionConfigurationPlatforms) = preSolution
		Debug|Any CPU = Debug|Any CPU
		Release|Any CPU = Release|Any CPU
	EndGlobalSection
	GlobalSection(ProjectConfigurationPlatforms) = postSolution
		{E13CBDC1-7684-4A3F-82D8-FF00F0D54D9D}.Debug|Any CPU.ActiveCfg = Debug|Any CPU
		{E13CBDC1-7684-4A3F-82D8-FF00F0D54D9D}.Debug|Any CPU.Build.0 = Debug|Any CPU
		{E13CBDC1-7684-4A3F-82D8-FF00F0D54D9D}.Release|Any CPU.ActiveCfg = Release|Any CPU
		{E13CBDC1-7684-4A3F-82D8-FF00F0D54D9D}.Release|Any CPU.Build.0 = Release|Any CPU
	EndGlobalSection
	GlobalSection(SolutionProperties) = preSolution
		HideSolutionNode = FALSE
	EndGlobalSection
	GlobalSection(ExtensibilityGlobals) = postSolution
		SolutionGuid = {4947E25D-FD19-4A05-980B-61AAEAA73400}
	EndGlobalSection
EndGlobal
